
Microsoft Visual Studio Solution File, Format Version 12.00
# Visual Studio 2012
Project("{FAE04EC0-301F-11D3-BF4B-00C04F79EFBC}") = "UIAutomationLib", "UIAutomationLib\UIAutomationLib.csproj", "{B1E6356D-5AC1-47C9-B7F1-D797BA0CD46C}"
EndProject
Global
	GlobalSection(SolutionConfigurationPlatforms) = preSolution
		Debug|Any CPU = Debug|Any CPU
		Release|Any CPU = Release|Any CPU
	EndGlobalSection
	GlobalSection(ProjectConfigurationPlatforms) = postSolution
		{B1E6356D-5AC1-47C9-B7F1-D797BA0CD46C}.Debug|Any CPU.ActiveCfg = Debug|Any CPU
		{B1E6356D-5AC1-47C9-B7F1-D797BA0CD46C}.Debug|Any CPU.Build.0 = Debug|Any CPU
		{B1E6356D-5AC1-47C9-B7F1-D797BA0CD46C}.Release|Any CPU.ActiveCfg = Release|Any CPU
		{B1E6356D-5AC1-47C9-B7F1-D797BA0CD46C}.Release|Any CPU.Build.0 = Release|Any CPU
	EndGlobalSection
	GlobalSection(SolutionProperties) = preSolution
		HideSolutionNode = FALSE
	EndGlobalSection
EndGlobal
