
Microsoft Visual Studio Solution File, Format Version 12.00
# Visual Studio 2012
Project("{FAE04EC0-301F-11D3-BF4B-00C04F79EFBC}") = "UIAutomationTest", "UIAutomationTest\UIAutomationTest.csproj", "{DDEC3DCB-0E60-4C70-B482-26B6CB066D25}"
EndProject
Global
	GlobalSection(SolutionConfigurationPlatforms) = preSolution
		Debug|Any CPU = Debug|Any CPU
		Release|Any CPU = Release|Any CPU
	EndGlobalSection
	GlobalSection(ProjectConfigurationPlatforms) = postSolution
		{DDEC3DCB-0E60-4C70-B482-26B6CB066D25}.Debug|Any CPU.ActiveCfg = Debug|Any CPU
		{DDEC3DCB-0E60-4C70-B482-26B6CB066D25}.Debug|Any CPU.Build.0 = Debug|Any CPU
		{DDEC3DCB-0E60-4C70-B482-26B6CB066D25}.Release|Any CPU.ActiveCfg = Release|Any CPU
		{DDEC3DCB-0E60-4C70-B482-26B6CB066D25}.Release|Any CPU.Build.0 = Release|Any CPU
	EndGlobalSection
	GlobalSection(SolutionProperties) = preSolution
		HideSolutionNode = FALSE
	EndGlobalSection
EndGlobal
