
Microsoft Visual Studio Solution File, Format Version 10.00
# Visual C# Express 2008
Project("{FAE04EC0-301F-11D3-BF4B-00C04F79EFBC}") = "ControlSpy", "ControlSpy\ControlSpy.csproj", "{5989D967-115A-4F9A-87A2-65B0E44555B7}"
EndProject
Global
	GlobalSection(SolutionConfigurationPlatforms) = preSolution
		Debug|Any CPU = Debug|Any CPU
		Release|Any CPU = Release|Any CPU
	EndGlobalSection
	GlobalSection(ProjectConfigurationPlatforms) = postSolution
		{5989D967-115A-4F9A-87A2-65B0E44555B7}.Debug|Any CPU.ActiveCfg = Debug|Any CPU
		{5989D967-115A-4F9A-87A2-65B0E44555B7}.Debug|Any CPU.Build.0 = Debug|Any CPU
		{5989D967-115A-4F9A-87A2-65B0E44555B7}.Release|Any CPU.ActiveCfg = Release|Any CPU
		{5989D967-115A-4F9A-87A2-65B0E44555B7}.Release|Any CPU.Build.0 = Release|Any CPU
	EndGlobalSection
	GlobalSection(SolutionProperties) = preSolution
		HideSolutionNode = FALSE
	EndGlobalSection
EndGlobal
